
Microsoft Visual Studio Solution File, Format Version 12.00
# Visual Studio Version 17
VisualStudioVersion = 17.11.35208.52
MinimumVisualStudioVersion = 10.0.40219.1
Project("{FAE04EC0-301F-11D3-BF4B-00C04F79EFBC}") = "proyectoPractico02", "proyectoPractico02.csproj", "{8A1A3300-9DE5-42D6-BEDF-2907FD2C5AFE}"
EndProject
Global
	GlobalSection(SolutionConfigurationPlatforms) = preSolution
		Debug|Any CPU = Debug|Any CPU
		Release|Any CPU = Release|Any CPU
	EndGlobalSection
	GlobalSection(ProjectConfigurationPlatforms) = postSolution
		{8A1A3300-9DE5-42D6-BEDF-2907FD2C5AFE}.Debug|Any CPU.ActiveCfg = Debug|Any CPU
		{8A1A3300-9DE5-42D6-BEDF-2907FD2C5AFE}.Debug|Any CPU.Build.0 = Debug|Any CPU
		{8A1A3300-9DE5-42D6-BEDF-2907FD2C5AFE}.Release|Any CPU.ActiveCfg = Release|Any CPU
		{8A1A3300-9DE5-42D6-BEDF-2907FD2C5AFE}.Release|Any CPU.Build.0 = Release|Any CPU
	EndGlobalSection
	GlobalSection(SolutionProperties) = preSolution
		HideSolutionNode = FALSE
	EndGlobalSection
	GlobalSection(ExtensibilityGlobals) = postSolution
		SolutionGuid = {38344FFF-537D-4158-85BE-55D1AF84D9CE}
	EndGlobalSection
EndGlobal
