
Microsoft Visual Studio Solution File, Format Version 12.00
# Visual Studio Version 17
VisualStudioVersion = 17.11.35312.102
MinimumVisualStudioVersion = 10.0.40219.1
Project("{FAE04EC0-301F-11D3-BF4B-00C04F79EFBC}") = "Problema2_7_412201_IngIndirecta", "Problema2_7_412201_IngIndirecta.csproj", "{EE65D6E2-B227-4A24-81C6-5F11E6BCEA8C}"
EndProject
Global
	GlobalSection(SolutionConfigurationPlatforms) = preSolution
		Debug|Any CPU = Debug|Any CPU
		Release|Any CPU = Release|Any CPU
	EndGlobalSection
	GlobalSection(ProjectConfigurationPlatforms) = postSolution
		{EE65D6E2-B227-4A24-81C6-5F11E6BCEA8C}.Debug|Any CPU.ActiveCfg = Debug|Any CPU
		{EE65D6E2-B227-4A24-81C6-5F11E6BCEA8C}.Debug|Any CPU.Build.0 = Debug|Any CPU
		{EE65D6E2-B227-4A24-81C6-5F11E6BCEA8C}.Release|Any CPU.ActiveCfg = Release|Any CPU
		{EE65D6E2-B227-4A24-81C6-5F11E6BCEA8C}.Release|Any CPU.Build.0 = Release|Any CPU
	EndGlobalSection
	GlobalSection(SolutionProperties) = preSolution
		HideSolutionNode = FALSE
	EndGlobalSection
	GlobalSection(ExtensibilityGlobals) = postSolution
		SolutionGuid = {D3E60367-1449-45F5-9ABB-2D3C0BA647EF}
	EndGlobalSection
EndGlobal
